{
  "name": "MapstructorApp",
  "lockfileVersion": 3,
  "requires": true,
  "packages": {
    "": {
      "dependencies": {
        "mapbox-gl-compare": "^0.4.1"
      }
    },
    "node_modules/@mapbox/mapbox-gl-sync-move": {
      "version": "0.3.1",
      "resolved": "https://registry.npmjs.org/@mapbox/mapbox-gl-sync-move/-/mapbox-gl-sync-move-0.3.1.tgz",
      "integrity": "sha512-Y3PMyj0m/TBJa9OkQnO2TiVDu8sFUPmLF7q/THUHrD/g42qrURpMJJ4kufq4sR60YFMwZdCGBshrbgK5v2xXWw=="
    },
    "node_modules/mapbox-gl-compare": {
      "version": "0.4.1",
      "resolved": "https://registry.npmjs.org/mapbox-gl-compare/-/mapbox-gl-compare-0.4.1.tgz",
      "integrity": "sha512-aLE1GK5oZywGwtRWjVnVz50Fudcod6d0tIxl4X5Rv/nhE8Kc64692S37F150amYvOFzzST+ylP25KgM6ApiPRA==",
      "dependencies": {
        "@mapbox/mapbox-gl-sync-move": "^0.3.1"
      }
    }
  }
}
